// !$*UTF8*$!
{
	archiveVersion = 1;
	classes = {
	};
	objectVersion = 46;
	objects = {

/* Begin PBXBuildFile section */
		4A04CDBDC4FE61F0382A0269 /* Pods_redcircle.framework in Frameworks */ = {isa = PBXBuildFile; fileRef = 8B37679080477E3C1C6AA488 /* Pods_redcircle.framework */; };
		610069B51CC1F19C0035E2F0 /* AssetsLibrary.framework in Frameworks */ = {isa = PBXBuildFile; fileRef = 610069B41CC1F19C0035E2F0 /* AssetsLibrary.framework */; };
		610069B71CC1F1AD0035E2F0 /* AudioToolbox.framework in Frameworks */ = {isa = PBXBuildFile; fileRef = 610069B61CC1F1AD0035E2F0 /* AudioToolbox.framework */; };
		610069B91CC1F1B40035E2F0 /* AVFoundation.framework in Frameworks */ = {isa = PBXBuildFile; fileRef = 610069B81CC1F1B40035E2F0 /* AVFoundation.framework */; };
		610069BB1CC1F1BA0035E2F0 /* CFNetwork.framework in Frameworks */ = {isa = PBXBuildFile; fileRef = 610069BA1CC1F1BA0035E2F0 /* CFNetwork.framework */; };
		610069BD1CC1F1C80035E2F0 /* CoreAudio.framework in Frameworks */ = {isa = PBXBuildFile; fileRef = 610069BC1CC1F1C80035E2F0 /* CoreAudio.framework */; };
		610069BF1CC1F1CE0035E2F0 /* CoreGraphics.framework in Frameworks */ = {isa = PBXBuildFile; fileRef = 610069BE1CC1F1CE0035E2F0 /* CoreGraphics.framework */; };
		610069C11CC1F1D50035E2F0 /* CoreLocation.framework in Frameworks */ = {isa = PBXBuildFile; fileRef = 610069C01CC1F1D50035E2F0 /* CoreLocation.framework */; };
		610069C31CC1F1DB0035E2F0 /* CoreMedia.framework in Frameworks */ = {isa = PBXBuildFile; fileRef = 610069C21CC1F1DB0035E2F0 /* CoreMedia.framework */; };
		610069C51CC1F1E30035E2F0 /* CoreTelephony.framework in Frameworks */ = {isa = PBXBuildFile; fileRef = 610069C41CC1F1E30035E2F0 /* CoreTelephony.framework */; };
		610069C71CC1F1EA0035E2F0 /* CoreVideo.framework in Frameworks */ = {isa = PBXBuildFile; fileRef = 610069C61CC1F1EA0035E2F0 /* CoreVideo.framework */; };
		610069C91CC1F1F20035E2F0 /* ImageIO.framework in Frameworks */ = {isa = PBXBuildFile; fileRef = 610069C81CC1F1F20035E2F0 /* ImageIO.framework */; };
		610069CB1CC1F2040035E2F0 /* libc++.tbd in Frameworks */ = {isa = PBXBuildFile; fileRef = 610069CA1CC1F2040035E2F0 /* libc++.tbd */; };
		610069CD1CC1F20D0035E2F0 /* libc++abi.tbd in Frameworks */ = {isa = PBXBuildFile; fileRef = 610069CC1CC1F20D0035E2F0 /* libc++abi.tbd */; };
		610069CF1CC1F2190035E2F0 /* libsqlite3.tbd in Frameworks */ = {isa = PBXBuildFile; fileRef = 610069CE1CC1F2190035E2F0 /* libsqlite3.tbd */; };
		610069D11CC1F2220035E2F0 /* libstdc++.tbd in Frameworks */ = {isa = PBXBuildFile; fileRef = 610069D01CC1F2220035E2F0 /* libstdc++.tbd */; };
		610069D31CC1F22A0035E2F0 /* libxml2.tbd in Frameworks */ = {isa = PBXBuildFile; fileRef = 610069D21CC1F22A0035E2F0 /* libxml2.tbd */; };
		610069D51CC1F2320035E2F0 /* libz.tbd in Frameworks */ = {isa = PBXBuildFile; fileRef = 610069D41CC1F2320035E2F0 /* libz.tbd */; };
		610069D71CC1F23B0035E2F0 /* MapKit.framework in Frameworks */ = {isa = PBXBuildFile; fileRef = 610069D61CC1F23B0035E2F0 /* MapKit.framework */; };
		610069D91CC1F2430035E2F0 /* OpenGLES.framework in Frameworks */ = {isa = PBXBuildFile; fileRef = 610069D81CC1F2430035E2F0 /* OpenGLES.framework */; };
		610069DB1CC1F24A0035E2F0 /* QuartzCore.framework in Frameworks */ = {isa = PBXBuildFile; fileRef = 610069DA1CC1F24A0035E2F0 /* QuartzCore.framework */; };
		610069DD1CC1F2510035E2F0 /* SystemConfiguration.framework in Frameworks */ = {isa = PBXBuildFile; fileRef = 610069DC1CC1F2510035E2F0 /* SystemConfiguration.framework */; };
		610069DF1CC1F2590035E2F0 /* UIKit.framework in Frameworks */ = {isa = PBXBuildFile; fileRef = 610069DE1CC1F2590035E2F0 /* UIKit.framework */; };
		613FE8B81CB54ED90029CD8C /* ChatController.swift in Sources */ = {isa = PBXBuildFile; fileRef = 613FE8B71CB54ED90029CD8C /* ChatController.swift */; };
		6143D4B01CE21C4A00481753 /* WebViewController.swift in Sources */ = {isa = PBXBuildFile; fileRef = 6143D4AF1CE21C4A00481753 /* WebViewController.swift */; };
		614446421CF19FD700854804 /* AddFriendController.swift in Sources */ = {isa = PBXBuildFile; fileRef = 614446411CF19FD700854804 /* AddFriendController.swift */; };
		61E9A0381CC3B69A00C3D7E0 /* VerifyButtonStatus.swift in Sources */ = {isa = PBXBuildFile; fileRef = 61E9A0371CC3B69A00C3D7E0 /* VerifyButtonStatus.swift */; };
		61FD9C681CD0FAD000775772 /* ReportController.swift in Sources */ = {isa = PBXBuildFile; fileRef = 61FD9C671CD0FAD000775772 /* ReportController.swift */; };
		7F0AD9601D34D89600F2F77F /* UtilManager.swift in Sources */ = {isa = PBXBuildFile; fileRef = 7F0AD95F1D34D89600F2F77F /* UtilManager.swift */; };
		7F16CF0E1CB632EB004A74F5 /* CellModel.swift in Sources */ = {isa = PBXBuildFile; fileRef = 7F16CF0D1CB632EB004A74F5 /* CellModel.swift */; };
		7F16CF101CB6464B004A74F5 /* ModifyController.swift in Sources */ = {isa = PBXBuildFile; fileRef = 7F16CF0F1CB6464B004A74F5 /* ModifyController.swift */; };
		7F31BB2A1D338FC700665785 /* AddArticleController.swift in Sources */ = {isa = PBXBuildFile; fileRef = 7F31BB291D338FC700665785 /* AddArticleController.swift */; };
		7F826F881D2E02AE00AE5BF0 /* ModifyRelationController.swift in Sources */ = {isa = PBXBuildFile; fileRef = 7F826F871D2E02AE00AE5BF0 /* ModifyRelationController.swift */; };
		7F826F8A1D2E421E00AE5BF0 /* MeCircleController.swift in Sources */ = {isa = PBXBuildFile; fileRef = 7F826F891D2E421E00AE5BF0 /* MeCircleController.swift */; };
		7F826F8C1D2E549600AE5BF0 /* ArticleTableViewCell.swift in Sources */ = {isa = PBXBuildFile; fileRef = 7F826F8B1D2E549600AE5BF0 /* ArticleTableViewCell.swift */; };
		7F8F51D11D38719E00928398 /* SYKeyboardTextField.swift in Sources */ = {isa = PBXBuildFile; fileRef = 7F8F51CF1D38719E00928398 /* SYKeyboardTextField.swift */; };
		7F8F51D21D38719E00928398 /* UIView+SYAutoLayout.swift in Sources */ = {isa = PBXBuildFile; fileRef = 7F8F51D01D38719E00928398 /* UIView+SYAutoLayout.swift */; };
		7F910DBA1D2CE2B200A281D3 /* UserDetailController.swift in Sources */ = {isa = PBXBuildFile; fileRef = 7F910DB91D2CE2B200A281D3 /* UserDetailController.swift */; };
		7FB811701D2B89ED002B2DCA /* UIImage+Extension.swift in Sources */ = {isa = PBXBuildFile; fileRef = 7FB8116F1D2B89ED002B2DCA /* UIImage+Extension.swift */; };
		7FC634C21CAA63A800557D9F /* AppDelegate.swift in Sources */ = {isa = PBXBuildFile; fileRef = 7FC634C11CAA63A800557D9F /* AppDelegate.swift */; };
		7FC634C41CAA63A800557D9F /* HomeController.swift in Sources */ = {isa = PBXBuildFile; fileRef = 7FC634C31CAA63A800557D9F /* HomeController.swift */; };
		7FC634C71CAA63A800557D9F /* Main.storyboard in Resources */ = {isa = PBXBuildFile; fileRef = 7FC634C51CAA63A800557D9F /* Main.storyboard */; };
		7FC634C91CAA63A800557D9F /* Assets.xcassets in Resources */ = {isa = PBXBuildFile; fileRef = 7FC634C81CAA63A800557D9F /* Assets.xcassets */; };
		7FC634CC1CAA63A800557D9F /* LaunchScreen.storyboard in Resources */ = {isa = PBXBuildFile; fileRef = 7FC634CA1CAA63A800557D9F /* LaunchScreen.storyboard */; };
		7FC75DE91D26571A0051C736 /* BookTableViewCell.swift in Sources */ = {isa = PBXBuildFile; fileRef = 7FC75DE81D26571A0051C736 /* BookTableViewCell.swift */; };
		7FD535331CB39EF4007D23C7 /* MeController.swift in Sources */ = {isa = PBXBuildFile; fileRef = 7FD535321CB39EF4007D23C7 /* MeController.swift */; };
		7FD535351CB39F46007D23C7 /* BookController.swift in Sources */ = {isa = PBXBuildFile; fileRef = 7FD535341CB39F46007D23C7 /* BookController.swift */; };
		7FD6928F1CAA7D3900D17E7B /* LoginController.swift in Sources */ = {isa = PBXBuildFile; fileRef = 7FD6928E1CAA7D3900D17E7B /* LoginController.swift */; };
		7FD692911CAA7F4700D17E7B /* MessageController.swift in Sources */ = {isa = PBXBuildFile; fileRef = 7FD692901CAA7F4700D17E7B /* MessageController.swift */; };
		7FFB63741CAB5C5F008C7AAD /* RegisterController.swift in Sources */ = {isa = PBXBuildFile; fileRef = 7FFB63731CAB5C5F008C7AAD /* RegisterController.swift */; };
		7FFB637A1CAB9BB5008C7AAD /* FriendController.swift in Sources */ = {isa = PBXBuildFile; fileRef = 7FFB63791CAB9BB5008C7AAD /* FriendController.swift */; };
/* End PBXBuildFile section */

/* Begin PBXFileReference section */
		610069B41CC1F19C0035E2F0 /* AssetsLibrary.framework */ = {isa = PBXFileReference; lastKnownFileType = wrapper.framework; name = AssetsLibrary.framework; path = System/Library/Frameworks/AssetsLibrary.framework; sourceTree = SDKROOT; };
		610069B61CC1F1AD0035E2F0 /* AudioToolbox.framework */ = {isa = PBXFileReference; lastKnownFileType = wrapper.framework; name = AudioToolbox.framework; path = System/Library/Frameworks/AudioToolbox.framework; sourceTree = SDKROOT; };
		610069B81CC1F1B40035E2F0 /* AVFoundation.framework */ = {isa = PBXFileReference; lastKnownFileType = wrapper.framework; name = AVFoundation.framework; path = System/Library/Frameworks/AVFoundation.framework; sourceTree = SDKROOT; };
		610069BA1CC1F1BA0035E2F0 /* CFNetwork.framework */ = {isa = PBXFileReference; lastKnownFileType = wrapper.framework; name = CFNetwork.framework; path = System/Library/Frameworks/CFNetwork.framework; sourceTree = SDKROOT; };
		610069BC1CC1F1C80035E2F0 /* CoreAudio.framework */ = {isa = PBXFileReference; lastKnownFileType = wrapper.framework; name = CoreAudio.framework; path = System/Library/Frameworks/CoreAudio.framework; sourceTree = SDKROOT; };
		610069BE1CC1F1CE0035E2F0 /* CoreGraphics.framework */ = {isa = PBXFileReference; lastKnownFileType = wrapper.framework; name = CoreGraphics.framework; path = System/Library/Frameworks/CoreGraphics.framework; sourceTree = SDKROOT; };
		610069C01CC1F1D50035E2F0 /* CoreLocation.framework */ = {isa = PBXFileReference; lastKnownFileType = wrapper.framework; name = CoreLocation.framework; path = System/Library/Frameworks/CoreLocation.framework; sourceTree = SDKROOT; };
		610069C21CC1F1DB0035E2F0 /* CoreMedia.framework */ = {isa = PBXFileReference; lastKnownFileType = wrapper.framework; name = CoreMedia.framework; path = System/Library/Frameworks/CoreMedia.framework; sourceTree = SDKROOT; };
		610069C41CC1F1E30035E2F0 /* CoreTelephony.framework */ = {isa = PBXFileReference; lastKnownFileType = wrapper.framework; name = CoreTelephony.framework; path = System/Library/Frameworks/CoreTelephony.framework; sourceTree = SDKROOT; };
		610069C61CC1F1EA0035E2F0 /* CoreVideo.framework */ = {isa = PBXFileReference; lastKnownFileType = wrapper.framework; name = CoreVideo.framework; path = System/Library/Frameworks/CoreVideo.framework; sourceTree = SDKROOT; };
		610069C81CC1F1F20035E2F0 /* ImageIO.framework */ = {isa = PBXFileReference; lastKnownFileType = wrapper.framework; name = ImageIO.framework; path = System/Library/Frameworks/ImageIO.framework; sourceTree = SDKROOT; };
		610069CA1CC1F2040035E2F0 /* libc++.tbd */ = {isa = PBXFileReference; lastKnownFileType = "sourcecode.text-based-dylib-definition"; name = "libc++.tbd"; path = "usr/lib/libc++.tbd"; sourceTree = SDKROOT; };
		610069CC1CC1F20D0035E2F0 /* libc++abi.tbd */ = {isa = PBXFileReference; lastKnownFileType = "sourcecode.text-based-dylib-definition"; name = "libc++abi.tbd"; path = "usr/lib/libc++abi.tbd"; sourceTree = SDKROOT; };
		610069CE1CC1F2190035E2F0 /* libsqlite3.tbd */ = {isa = PBXFileReference; lastKnownFileType = "sourcecode.text-based-dylib-definition"; name = libsqlite3.tbd; path = usr/lib/libsqlite3.tbd; sourceTree = SDKROOT; };
		610069D01CC1F2220035E2F0 /* libstdc++.tbd */ = {isa = PBXFileReference; lastKnownFileType = "sourcecode.text-based-dylib-definition"; name = "libstdc++.tbd"; path = "usr/lib/libstdc++.tbd"; sourceTree = SDKROOT; };
		610069D21CC1F22A0035E2F0 /* libxml2.tbd */ = {isa = PBXFileReference; lastKnownFileType = "sourcecode.text-based-dylib-definition"; name = libxml2.tbd; path = usr/lib/libxml2.tbd; sourceTree = SDKROOT; };
		610069D41CC1F2320035E2F0 /* libz.tbd */ = {isa = PBXFileReference; lastKnownFileType = "sourcecode.text-based-dylib-definition"; name = libz.tbd; path = usr/lib/libz.tbd; sourceTree = SDKROOT; };
		610069D61CC1F23B0035E2F0 /* MapKit.framework */ = {isa = PBXFileReference; lastKnownFileType = wrapper.framework; name = MapKit.framework; path = System/Library/Frameworks/MapKit.framework; sourceTree = SDKROOT; };
		610069D81CC1F2430035E2F0 /* OpenGLES.framework */ = {isa = PBXFileReference; lastKnownFileType = wrapper.framework; name = OpenGLES.framework; path = System/Library/Frameworks/OpenGLES.framework; sourceTree = SDKROOT; };
		610069DA1CC1F24A0035E2F0 /* QuartzCore.framework */ = {isa = PBXFileReference; lastKnownFileType = wrapper.framework; name = QuartzCore.framework; path = System/Library/Frameworks/QuartzCore.framework; sourceTree = SDKROOT; };
		610069DC1CC1F2510035E2F0 /* SystemConfiguration.framework */ = {isa = PBXFileReference; lastKnownFileType = wrapper.framework; name = SystemConfiguration.framework; path = System/Library/Frameworks/SystemConfiguration.framework; sourceTree = SDKROOT; };
		610069DE1CC1F2590035E2F0 /* UIKit.framework */ = {isa = PBXFileReference; lastKnownFileType = wrapper.framework; name = UIKit.framework; path = System/Library/Frameworks/UIKit.framework; sourceTree = SDKROOT; };
		610069E01CC238780035E2F0 /* 红圈开发推送证书.p12 */ = {isa = PBXFileReference; lastKnownFileType = file; path = "红圈开发推送证书.p12"; sourceTree = "<group>"; };
		613FE8B71CB54ED90029CD8C /* ChatController.swift */ = {isa = PBXFileReference; fileEncoding = 4; lastKnownFileType = sourcecode.swift; path = ChatController.swift; sourceTree = "<group>"; };
		6143D4AF1CE21C4A00481753 /* WebViewController.swift */ = {isa = PBXFileReference; fileEncoding = 4; lastKnownFileType = sourcecode.swift; path = WebViewController.swift; sourceTree = "<group>"; };
		614446411CF19FD700854804 /* AddFriendController.swift */ = {isa = PBXFileReference; fileEncoding = 4; lastKnownFileType = sourcecode.swift; path = AddFriendController.swift; sourceTree = "<group>"; };
		617618FB1CB8CBBC0022C394 /* 红圈开发证书.p12 */ = {isa = PBXFileReference; lastKnownFileType = file; path = "红圈开发证书.p12"; sourceTree = "<group>"; };
		617618FC1CB8CC340022C394 /* readme.strings */ = {isa = PBXFileReference; fileEncoding = 4; lastKnownFileType = text.plist.strings; path = readme.strings; sourceTree = "<group>"; };
		617F96891CB544C00032BF1C /* redcircle_t_red_user.sql */ = {isa = PBXFileReference; lastKnownFileType = text; path = redcircle_t_red_user.sql; sourceTree = "<group>"; };
		61E9A0371CC3B69A00C3D7E0 /* VerifyButtonStatus.swift */ = {isa = PBXFileReference; fileEncoding = 4; lastKnownFileType = sourcecode.swift; path = VerifyButtonStatus.swift; sourceTree = "<group>"; };
		61FD9C671CD0FAD000775772 /* ReportController.swift */ = {isa = PBXFileReference; fileEncoding = 4; lastKnownFileType = sourcecode.swift; path = ReportController.swift; sourceTree = "<group>"; };
		7F0AD95F1D34D89600F2F77F /* UtilManager.swift */ = {isa = PBXFileReference; fileEncoding = 4; lastKnownFileType = sourcecode.swift; path = UtilManager.swift; sourceTree = "<group>"; };
		7F0F1A871CC70A7200052714 /* 红圈生产推送证书.p12 */ = {isa = PBXFileReference; lastKnownFileType = file; path = "红圈生产推送证书.p12"; sourceTree = "<group>"; };
		7F16CF0D1CB632EB004A74F5 /* CellModel.swift */ = {isa = PBXFileReference; fileEncoding = 4; lastKnownFileType = sourcecode.swift; path = CellModel.swift; sourceTree = "<group>"; };
		7F16CF0F1CB6464B004A74F5 /* ModifyController.swift */ = {isa = PBXFileReference; fileEncoding = 4; lastKnownFileType = sourcecode.swift; path = ModifyController.swift; sourceTree = "<group>"; };
		7F31BB291D338FC700665785 /* AddArticleController.swift */ = {isa = PBXFileReference; fileEncoding = 4; lastKnownFileType = sourcecode.swift; path = AddArticleController.swift; sourceTree = "<group>"; };
		7F738B0C1CBE372900C15C70 /* 红圈生产证书.p12 */ = {isa = PBXFileReference; lastKnownFileType = file; path = "红圈生产证书.p12"; sourceTree = "<group>"; };
		7F826F871D2E02AE00AE5BF0 /* ModifyRelationController.swift */ = {isa = PBXFileReference; fileEncoding = 4; lastKnownFileType = sourcecode.swift; path = ModifyRelationController.swift; sourceTree = "<group>"; };
		7F826F891D2E421E00AE5BF0 /* MeCircleController.swift */ = {isa = PBXFileReference; fileEncoding = 4; lastKnownFileType = sourcecode.swift; path = MeCircleController.swift; sourceTree = "<group>"; };
		7F826F8B1D2E549600AE5BF0 /* ArticleTableViewCell.swift */ = {isa = PBXFileReference; fileEncoding = 4; lastKnownFileType = sourcecode.swift; path = ArticleTableViewCell.swift; sourceTree = "<group>"; };
		7F8F51CF1D38719E00928398 /* SYKeyboardTextField.swift */ = {isa = PBXFileReference; fileEncoding = 4; lastKnownFileType = sourcecode.swift; path = SYKeyboardTextField.swift; sourceTree = "<group>"; };
		7F8F51D01D38719E00928398 /* UIView+SYAutoLayout.swift */ = {isa = PBXFileReference; fileEncoding = 4; lastKnownFileType = sourcecode.swift; path = "UIView+SYAutoLayout.swift"; sourceTree = "<group>"; };
		7F910DB91D2CE2B200A281D3 /* UserDetailController.swift */ = {isa = PBXFileReference; fileEncoding = 4; lastKnownFileType = sourcecode.swift; path = UserDetailController.swift; sourceTree = "<group>"; };
		7FB8116F1D2B89ED002B2DCA /* UIImage+Extension.swift */ = {isa = PBXFileReference; fileEncoding = 4; lastKnownFileType = sourcecode.swift; path = "UIImage+Extension.swift"; sourceTree = "<group>"; };
		7FC634BE1CAA63A800557D9F /* redcircle.app */ = {isa = PBXFileReference; explicitFileType = wrapper.application; includeInIndex = 0; path = redcircle.app; sourceTree = BUILT_PRODUCTS_DIR; };
		7FC634C11CAA63A800557D9F /* AppDelegate.swift */ = {isa = PBXFileReference; lastKnownFileType = sourcecode.swift; path = AppDelegate.swift; sourceTree = "<group>"; };
		7FC634C31CAA63A800557D9F /* HomeController.swift */ = {isa = PBXFileReference; lastKnownFileType = sourcecode.swift; path = HomeController.swift; sourceTree = "<group>"; };
		7FC634C61CAA63A800557D9F /* Base */ = {isa = PBXFileReference; lastKnownFileType = file.storyboard; name = Base; path = Base.lproj/Main.storyboard; sourceTree = "<group>"; };
		7FC634C81CAA63A800557D9F /* Assets.xcassets */ = {isa = PBXFileReference; lastKnownFileType = folder.assetcatalog; path = Assets.xcassets; sourceTree = "<group>"; };
		7FC634CB1CAA63A800557D9F /* Base */ = {isa = PBXFileReference; lastKnownFileType = file.storyboard; name = Base; path = Base.lproj/LaunchScreen.storyboard; sourceTree = "<group>"; };
		7FC634CD1CAA63A800557D9F /* Info.plist */ = {isa = PBXFileReference; lastKnownFileType = text.plist.xml; path = Info.plist; sourceTree = "<group>"; };
		7FC75DE81D26571A0051C736 /* BookTableViewCell.swift */ = {isa = PBXFileReference; fileEncoding = 4; lastKnownFileType = sourcecode.swift; path = BookTableViewCell.swift; sourceTree = "<group>"; };
		7FD535321CB39EF4007D23C7 /* MeController.swift */ = {isa = PBXFileReference; fileEncoding = 4; lastKnownFileType = sourcecode.swift; path = MeController.swift; sourceTree = "<group>"; };
		7FD535341CB39F46007D23C7 /* BookController.swift */ = {isa = PBXFileReference; fileEncoding = 4; lastKnownFileType = sourcecode.swift; path = BookController.swift; sourceTree = "<group>"; };
		7FD6928E1CAA7D3900D17E7B /* LoginController.swift */ = {isa = PBXFileReference; fileEncoding = 4; lastKnownFileType = sourcecode.swift; path = LoginController.swift; sourceTree = "<group>"; };
		7FD692901CAA7F4700D17E7B /* MessageController.swift */ = {isa = PBXFileReference; fileEncoding = 4; lastKnownFileType = sourcecode.swift; path = MessageController.swift; sourceTree = "<group>"; };
		7FFB63731CAB5C5F008C7AAD /* RegisterController.swift */ = {isa = PBXFileReference; fileEncoding = 4; lastKnownFileType = sourcecode.swift; path = RegisterController.swift; sourceTree = "<group>"; };
		7FFB63751CAB78E5008C7AAD /* redcircle-Bridging-Header.h */ = {isa = PBXFileReference; lastKnownFileType = sourcecode.c.h; path = "redcircle-Bridging-Header.h"; sourceTree = "<group>"; };
		7FFB63791CAB9BB5008C7AAD /* FriendController.swift */ = {isa = PBXFileReference; fileEncoding = 4; lastKnownFileType = sourcecode.swift; path = FriendController.swift; sourceTree = "<group>"; };
		860B370FCE230DCE6557479E /* Pods-redcircle.debug.xcconfig */ = {isa = PBXFileReference; includeInIndex = 1; lastKnownFileType = text.xcconfig; name = "Pods-redcircle.debug.xcconfig"; path = "Pods/Target Support Files/Pods-redcircle/Pods-redcircle.debug.xcconfig"; sourceTree = "<group>"; };
		8B37679080477E3C1C6AA488 /* Pods_redcircle.framework */ = {isa = PBXFileReference; explicitFileType = wrapper.framework; includeInIndex = 0; path = Pods_redcircle.framework; sourceTree = BUILT_PRODUCTS_DIR; };
		F9D85ED62815718989DB6351 /* Pods-redcircle.release.xcconfig */ = {isa = PBXFileReference; includeInIndex = 1; lastKnownFileType = text.xcconfig; name = "Pods-redcircle.release.xcconfig"; path = "Pods/Target Support Files/Pods-redcircle/Pods-redcircle.release.xcconfig"; sourceTree = "<group>"; };
/* End PBXFileReference section */

/* Begin PBXFrameworksBuildPhase section */
		7FC634BB1CAA63A800557D9F /* Frameworks */ = {
			isa = PBXFrameworksBuildPhase;
			buildActionMask = 2147483647;
			files = (
				610069DF1CC1F2590035E2F0 /* UIKit.framework in Frameworks */,
				610069DD1CC1F2510035E2F0 /* SystemConfiguration.framework in Frameworks */,
				610069DB1CC1F24A0035E2F0 /* QuartzCore.framework in Frameworks */,
				610069D91CC1F2430035E2F0 /* OpenGLES.framework in Frameworks */,
				610069D71CC1F23B0035E2F0 /* MapKit.framework in Frameworks */,
				610069D51CC1F2320035E2F0 /* libz.tbd in Frameworks */,
				610069D31CC1F22A0035E2F0 /* libxml2.tbd in Frameworks */,
				610069D11CC1F2220035E2F0 /* libstdc++.tbd in Frameworks */,
				610069CF1CC1F2190035E2F0 /* libsqlite3.tbd in Frameworks */,
				610069CD1CC1F20D0035E2F0 /* libc++abi.tbd in Frameworks */,
				610069CB1CC1F2040035E2F0 /* libc++.tbd in Frameworks */,
				610069C91CC1F1F20035E2F0 /* ImageIO.framework in Frameworks */,
				610069C71CC1F1EA0035E2F0 /* CoreVideo.framework in Frameworks */,
				610069C51CC1F1E30035E2F0 /* CoreTelephony.framework in Frameworks */,
				610069C31CC1F1DB0035E2F0 /* CoreMedia.framework in Frameworks */,
				610069C11CC1F1D50035E2F0 /* CoreLocation.framework in Frameworks */,
				610069BF1CC1F1CE0035E2F0 /* CoreGraphics.framework in Frameworks */,
				610069BD1CC1F1C80035E2F0 /* CoreAudio.framework in Frameworks */,
				610069BB1CC1F1BA0035E2F0 /* CFNetwork.framework in Frameworks */,
				610069B91CC1F1B40035E2F0 /* AVFoundation.framework in Frameworks */,
				610069B71CC1F1AD0035E2F0 /* AudioToolbox.framework in Frameworks */,
				610069B51CC1F19C0035E2F0 /* AssetsLibrary.framework in Frameworks */,
				4A04CDBDC4FE61F0382A0269 /* Pods_redcircle.framework in Frameworks */,
			);
			runOnlyForDeploymentPostprocessing = 0;
		};
/* End PBXFrameworksBuildPhase section */

/* Begin PBXGroup section */
		3B9C8589B9A7FC51BC7793DE /* Pods */ = {
			isa = PBXGroup;
			children = (
				860B370FCE230DCE6557479E /* Pods-redcircle.debug.xcconfig */,
				F9D85ED62815718989DB6351 /* Pods-redcircle.release.xcconfig */,
			);
			name = Pods;
			sourceTree = "<group>";
		};
		617F96881CB544C00032BF1C /* doc */ = {
			isa = PBXGroup;
			children = (
				7F0F1A871CC70A7200052714 /* 红圈生产推送证书.p12 */,
				610069E01CC238780035E2F0 /* 红圈开发推送证书.p12 */,
				7F738B0C1CBE372900C15C70 /* 红圈生产证书.p12 */,
				617618FB1CB8CBBC0022C394 /* 红圈开发证书.p12 */,
				617F96891CB544C00032BF1C /* redcircle_t_red_user.sql */,
				617618FC1CB8CC340022C394 /* readme.strings */,
			);
			path = doc;
			sourceTree = "<group>";
		};
		7F16CF0C1CB632CD004A74F5 /* model */ = {
			isa = PBXGroup;
			children = (
				7F16CF0D1CB632EB004A74F5 /* CellModel.swift */,
				61E9A0371CC3B69A00C3D7E0 /* VerifyButtonStatus.swift */,
			);
			path = model;
			sourceTree = "<group>";
		};
		7F8F51CE1D38719E00928398 /* SYKeyboardTextField */ = {
			isa = PBXGroup;
			children = (
				7F8F51CF1D38719E00928398 /* SYKeyboardTextField.swift */,
				7F8F51D01D38719E00928398 /* UIView+SYAutoLayout.swift */,
			);
			path = SYKeyboardTextField;
			sourceTree = "<group>";
		};
		7FB8116E1D2B89CD002B2DCA /* util */ = {
			isa = PBXGroup;
			children = (
				7F8F51CE1D38719E00928398 /* SYKeyboardTextField */,
				7FB8116F1D2B89ED002B2DCA /* UIImage+Extension.swift */,
				7F0AD95F1D34D89600F2F77F /* UtilManager.swift */,
			);
			path = util;
			sourceTree = "<group>";
		};
		7FC634B51CAA63A800557D9F = {
			isa = PBXGroup;
			children = (
				7FC634C01CAA63A800557D9F /* redcircle */,
				7FC634BF1CAA63A800557D9F /* Products */,
				3B9C8589B9A7FC51BC7793DE /* Pods */,
				8823B7E62FEB0498DCB66355 /* Frameworks */,
			);
			sourceTree = "<group>";
		};
		7FC634BF1CAA63A800557D9F /* Products */ = {
			isa = PBXGroup;
			children = (
				7FC634BE1CAA63A800557D9F /* redcircle.app */,
			);
			name = Products;
			sourceTree = "<group>";
		};
		7FC634C01CAA63A800557D9F /* redcircle */ = {
			isa = PBXGroup;
			children = (
				7FB8116E1D2B89CD002B2DCA /* util */,
				7FC75DE71D2656EB0051C736 /* view */,
				7F16CF0C1CB632CD004A74F5 /* model */,
				617F96881CB544C00032BF1C /* doc */,
				7FC634C11CAA63A800557D9F /* AppDelegate.swift */,
				7FC634C31CAA63A800557D9F /* HomeController.swift */,
				7FD6928E1CAA7D3900D17E7B /* LoginController.swift */,
				7FD692901CAA7F4700D17E7B /* MessageController.swift */,
				7FFB63731CAB5C5F008C7AAD /* RegisterController.swift */,
				7FC634C51CAA63A800557D9F /* Main.storyboard */,
				7FC634C81CAA63A800557D9F /* Assets.xcassets */,
				7FC634CA1CAA63A800557D9F /* LaunchScreen.storyboard */,
				7FC634CD1CAA63A800557D9F /* Info.plist */,
				7FFB63751CAB78E5008C7AAD /* redcircle-Bridging-Header.h */,
				7FFB63791CAB9BB5008C7AAD /* FriendController.swift */,
				7FD535321CB39EF4007D23C7 /* MeController.swift */,
				7FD535341CB39F46007D23C7 /* BookController.swift */,
				613FE8B71CB54ED90029CD8C /* ChatController.swift */,
				7F16CF0F1CB6464B004A74F5 /* ModifyController.swift */,
				61FD9C671CD0FAD000775772 /* ReportController.swift */,
				6143D4AF1CE21C4A00481753 /* WebViewController.swift */,
				614446411CF19FD700854804 /* AddFriendController.swift */,
				7F910DB91D2CE2B200A281D3 /* UserDetailController.swift */,
				7F826F871D2E02AE00AE5BF0 /* ModifyRelationController.swift */,
				7F826F891D2E421E00AE5BF0 /* MeCircleController.swift */,
				7F31BB291D338FC700665785 /* AddArticleController.swift */,
			);
			path = redcircle;
			sourceTree = "<group>";
		};
		7FC75DE71D2656EB0051C736 /* view */ = {
			isa = PBXGroup;
			children = (
				7FC75DE81D26571A0051C736 /* BookTableViewCell.swift */,
				7F826F8B1D2E549600AE5BF0 /* ArticleTableViewCell.swift */,
			);
			path = view;
			sourceTree = "<group>";
		};
		8823B7E62FEB0498DCB66355 /* Frameworks */ = {
			isa = PBXGroup;
			children = (
				610069DE1CC1F2590035E2F0 /* UIKit.framework */,
				610069DC1CC1F2510035E2F0 /* SystemConfiguration.framework */,
				610069DA1CC1F24A0035E2F0 /* QuartzCore.framework */,
				610069D81CC1F2430035E2F0 /* OpenGLES.framework */,
				610069D61CC1F23B0035E2F0 /* MapKit.framework */,
				610069D41CC1F2320035E2F0 /* libz.tbd */,
				610069D21CC1F22A0035E2F0 /* libxml2.tbd */,
				610069D01CC1F2220035E2F0 /* libstdc++.tbd */,
				610069CE1CC1F2190035E2F0 /* libsqlite3.tbd */,
				610069CC1CC1F20D0035E2F0 /* libc++abi.tbd */,
				610069CA1CC1F2040035E2F0 /* libc++.tbd */,
				610069C81CC1F1F20035E2F0 /* ImageIO.framework */,
				610069C61CC1F1EA0035E2F0 /* CoreVideo.framework */,
				610069C41CC1F1E30035E2F0 /* CoreTelephony.framework */,
				610069C21CC1F1DB0035E2F0 /* CoreMedia.framework */,
				610069C01CC1F1D50035E2F0 /* CoreLocation.framework */,
				610069BE1CC1F1CE0035E2F0 /* CoreGraphics.framework */,
				610069BC1CC1F1C80035E2F0 /* CoreAudio.framework */,
				610069BA1CC1F1BA0035E2F0 /* CFNetwork.framework */,
				610069B81CC1F1B40035E2F0 /* AVFoundation.framework */,
				610069B61CC1F1AD0035E2F0 /* AudioToolbox.framework */,
				610069B41CC1F19C0035E2F0 /* AssetsLibrary.framework */,
				8B37679080477E3C1C6AA488 /* Pods_redcircle.framework */,
			);
			name = Frameworks;
			sourceTree = "<group>";
		};
/* End PBXGroup section */

/* Begin PBXNativeTarget section */
		7FC634BD1CAA63A800557D9F /* redcircle */ = {
			isa = PBXNativeTarget;
			buildConfigurationList = 7FC634D01CAA63A800557D9F /* Build configuration list for PBXNativeTarget "redcircle" */;
			buildPhases = (
				380744309AA9BC2D97F8C254 /* 📦 Check Pods Manifest.lock */,
				7FC634BA1CAA63A800557D9F /* Sources */,
				7FC634BB1CAA63A800557D9F /* Frameworks */,
				7FC634BC1CAA63A800557D9F /* Resources */,
				DD469B20B01A4FC317FF4FD5 /* 📦 Embed Pods Frameworks */,
				4CC0C752FEBB28213F4B110C /* 📦 Copy Pods Resources */,
				D0559C20B6BA21B25866FB72 /* Embed Pods Frameworks */,
			);
			buildRules = (
			);
			dependencies = (
			);
			name = redcircle;
			productName = redcircle;
			productReference = 7FC634BE1CAA63A800557D9F /* redcircle.app */;
			productType = "com.apple.product-type.application";
		};
/* End PBXNativeTarget section */

/* Begin PBXProject section */
		7FC634B61CAA63A800557D9F /* Project object */ = {
			isa = PBXProject;
			attributes = {
				LastSwiftUpdateCheck = 0720;
				LastUpgradeCheck = 0720;
				ORGANIZATIONNAME = zhan;
				TargetAttributes = {
					7FC634BD1CAA63A800557D9F = {
						CreatedOnToolsVersion = 7.2.1;
						DevelopmentTeam = 8PWWXHNFJ7;
					};
				};
			};
			buildConfigurationList = 7FC634B91CAA63A800557D9F /* Build configuration list for PBXProject "redcircle" */;
			compatibilityVersion = "Xcode 3.2";
			developmentRegion = English;
			hasScannedForEncodings = 0;
			knownRegions = (
				en,
				Base,
			);
			mainGroup = 7FC634B51CAA63A800557D9F;
			productRefGroup = 7FC634BF1CAA63A800557D9F /* Products */;
			projectDirPath = "";
			projectRoot = "";
			targets = (
				7FC634BD1CAA63A800557D9F /* redcircle */,
			);
		};
/* End PBXProject section */

/* Begin PBXResourcesBuildPhase section */
		7FC634BC1CAA63A800557D9F /* Resources */ = {
			isa = PBXResourcesBuildPhase;
			buildActionMask = 2147483647;
			files = (
				7FC634CC1CAA63A800557D9F /* LaunchScreen.storyboard in Resources */,
				7FC634C91CAA63A800557D9F /* Assets.xcassets in Resources */,
				7FC634C71CAA63A800557D9F /* Main.storyboard in Resources */,
			);
			runOnlyForDeploymentPostprocessing = 0;
		};
/* End PBXResourcesBuildPhase section */

/* Begin PBXShellScriptBuildPhase section */
		380744309AA9BC2D97F8C254 /* 📦 Check Pods Manifest.lock */ = {
			isa = PBXShellScriptBuildPhase;
			buildActionMask = 2147483647;
			files = (
			);
			inputPaths = (
			);
			name = "📦 Check Pods Manifest.lock";
			outputPaths = (
			);
			runOnlyForDeploymentPostprocessing = 0;
			shellPath = /bin/sh;
			shellScript = "diff \"${PODS_ROOT}/../Podfile.lock\" \"${PODS_ROOT}/Manifest.lock\" > /dev/null\nif [[ $? != 0 ]] ; then\n    cat << EOM\nerror: The sandbox is not in sync with the Podfile.lock. Run 'pod install' or update your CocoaPods installation.\nEOM\n    exit 1\nfi\n";
			showEnvVarsInLog = 0;
		};
		4CC0C752FEBB28213F4B110C /* 📦 Copy Pods Resources */ = {
			isa = PBXShellScriptBuildPhase;
			buildActionMask = 2147483647;
			files = (
			);
			inputPaths = (
			);
			name = "📦 Copy Pods Resources";
			outputPaths = (
			);
			runOnlyForDeploymentPostprocessing = 0;
			shellPath = /bin/sh;
			shellScript = "\"${SRCROOT}/Pods/Target Support Files/Pods-redcircle/Pods-redcircle-resources.sh\"\n";
			showEnvVarsInLog = 0;
		};
		D0559C20B6BA21B25866FB72 /* Embed Pods Frameworks */ = {
			isa = PBXShellScriptBuildPhase;
			buildActionMask = 2147483647;
			files = (
			);
			inputPaths = (
			);
			name = "Embed Pods Frameworks";
			outputPaths = (
			);
			runOnlyForDeploymentPostprocessing = 0;
			shellPath = /bin/sh;
			shellScript = "\"${SRCROOT}/Pods/Target Support Files/Pods-redcircle/Pods-redcircle-frameworks.sh\"\n";
			showEnvVarsInLog = 0;
		};
		DD469B20B01A4FC317FF4FD5 /* 📦 Embed Pods Frameworks */ = {
			isa = PBXShellScriptBuildPhase;
			buildActionMask = 2147483647;
			files = (
			);
			inputPaths = (
			);
			name = "📦 Embed Pods Frameworks";
			outputPaths = (
			);
			runOnlyForDeploymentPostprocessing = 0;
			shellPath = /bin/sh;
			shellScript = "\"${SRCROOT}/Pods/Target Support Files/Pods-redcircle/Pods-redcircle-frameworks.sh\"\n";
			showEnvVarsInLog = 0;
		};
/* End PBXShellScriptBuildPhase section */

/* Begin PBXSourcesBuildPhase section */
		7FC634BA1CAA63A800557D9F /* Sources */ = {
			isa = PBXSourcesBuildPhase;
			buildActionMask = 2147483647;
			files = (
				7FC75DE91D26571A0051C736 /* BookTableViewCell.swift in Sources */,
				7FFB63741CAB5C5F008C7AAD /* RegisterController.swift in Sources */,
				7F8F51D11D38719E00928398 /* SYKeyboardTextField.swift in Sources */,
				7F0AD9601D34D89600F2F77F /* UtilManager.swift in Sources */,
				614446421CF19FD700854804 /* AddFriendController.swift in Sources */,
				7F910DBA1D2CE2B200A281D3 /* UserDetailController.swift in Sources */,
				7FFB637A1CAB9BB5008C7AAD /* FriendController.swift in Sources */,
				7FC634C41CAA63A800557D9F /* HomeController.swift in Sources */,
				7F16CF0E1CB632EB004A74F5 /* CellModel.swift in Sources */,
				7FD6928F1CAA7D3900D17E7B /* LoginController.swift in Sources */,
				7F8F51D21D38719E00928398 /* UIView+SYAutoLayout.swift in Sources */,
				7FD535331CB39EF4007D23C7 /* MeController.swift in Sources */,
				7FC634C21CAA63A800557D9F /* AppDelegate.swift in Sources */,
				7FD535351CB39F46007D23C7 /* BookController.swift in Sources */,
				7F826F881D2E02AE00AE5BF0 /* ModifyRelationController.swift in Sources */,
				61E9A0381CC3B69A00C3D7E0 /* VerifyButtonStatus.swift in Sources */,
				7FD692911CAA7F4700D17E7B /* MessageController.swift in Sources */,
				7FB811701D2B89ED002B2DCA /* UIImage+Extension.swift in Sources */,
				7F826F8A1D2E421E00AE5BF0 /* MeCircleController.swift in Sources */,
				7F31BB2A1D338FC700665785 /* AddArticleController.swift in Sources */,
				61FD9C681CD0FAD000775772 /* ReportController.swift in Sources */,
				6143D4B01CE21C4A00481753 /* WebViewController.swift in Sources */,
				7F16CF101CB6464B004A74F5 /* ModifyController.swift in Sources */,
				7F826F8C1D2E549600AE5BF0 /* ArticleTableViewCell.swift in Sources */,
				613FE8B81CB54ED90029CD8C /* ChatController.swift in Sources */,
			);
			runOnlyForDeploymentPostprocessing = 0;
		};
/* End PBXSourcesBuildPhase section */

/* Begin PBXVariantGroup section */
		7FC634C51CAA63A800557D9F /* Main.storyboard */ = {
			isa = PBXVariantGroup;
			children = (
				7FC634C61CAA63A800557D9F /* Base */,
			);
			name = Main.storyboard;
			sourceTree = "<group>";
		};
		7FC634CA1CAA63A800557D9F /* LaunchScreen.storyboard */ = {
			isa = PBXVariantGroup;
			children = (
				7FC634CB1CAA63A800557D9F /* Base */,
			);
			name = LaunchScreen.storyboard;
			sourceTree = "<group>";
		};
/* End PBXVariantGroup section */

/* Begin XCBuildConfiguration section */
		7FC634CE1CAA63A800557D9F /* Debug */ = {
			isa = XCBuildConfiguration;
			buildSettings = {
				ALWAYS_SEARCH_USER_PATHS = NO;
				CLANG_CXX_LANGUAGE_STANDARD = "gnu++0x";
				CLANG_CXX_LIBRARY = "libc++";
				CLANG_ENABLE_MODULES = YES;
				CLANG_ENABLE_OBJC_ARC = YES;
				CLANG_WARN_BOOL_CONVERSION = YES;
				CLANG_WARN_CONSTANT_CONVERSION = YES;
				CLANG_WARN_DIRECT_OBJC_ISA_USAGE = YES_ERROR;
				CLANG_WARN_EMPTY_BODY = YES;
				CLANG_WARN_ENUM_CONVERSION = YES;
				CLANG_WARN_INT_CONVERSION = YES;
				CLANG_WARN_OBJC_ROOT_CLASS = YES_ERROR;
				CLANG_WARN_UNREACHABLE_CODE = YES;
				CLANG_WARN__DUPLICATE_METHOD_MATCH = YES;
				"CODE_SIGN_IDENTITY[sdk=iphoneos*]" = "iPhone Developer";
				COPY_PHASE_STRIP = NO;
				DEBUG_INFORMATION_FORMAT = dwarf;
				ENABLE_STRICT_OBJC_MSGSEND = YES;
				ENABLE_TESTABILITY = YES;
				GCC_C_LANGUAGE_STANDARD = gnu99;
				GCC_DYNAMIC_NO_PIC = NO;
				GCC_NO_COMMON_BLOCKS = YES;
				GCC_OPTIMIZATION_LEVEL = 0;
				GCC_PREPROCESSOR_DEFINITIONS = (
					"DEBUG=1",
					"$(inherited)",
				);
				GCC_WARN_64_TO_32_BIT_CONVERSION = YES;
				GCC_WARN_ABOUT_RETURN_TYPE = YES_ERROR;
				GCC_WARN_UNDECLARED_SELECTOR = YES;
				GCC_WARN_UNINITIALIZED_AUTOS = YES_AGGRESSIVE;
				GCC_WARN_UNUSED_FUNCTION = YES;
				GCC_WARN_UNUSED_VARIABLE = YES;
				IPHONEOS_DEPLOYMENT_TARGET = 9.2;
				MTL_ENABLE_DEBUG_INFO = YES;
				ONLY_ACTIVE_ARCH = YES;
				SDKROOT = iphoneos;
				SWIFT_OPTIMIZATION_LEVEL = "-Onone";
				TARGETED_DEVICE_FAMILY = "1,2";
			};
			name = Debug;
		};
		7FC634CF1CAA63A800557D9F /* Release */ = {
			isa = XCBuildConfiguration;
			buildSettings = {
				ALWAYS_SEARCH_USER_PATHS = NO;
				CLANG_CXX_LANGUAGE_STANDARD = "gnu++0x";
				CLANG_CXX_LIBRARY = "libc++";
				CLANG_ENABLE_MODULES = YES;
				CLANG_ENABLE_OBJC_ARC = YES;
				CLANG_WARN_BOOL_CONVERSION = YES;
				CLANG_WARN_CONSTANT_CONVERSION = YES;
				CLANG_WARN_DIRECT_OBJC_ISA_USAGE = YES_ERROR;
				CLANG_WARN_EMPTY_BODY = YES;
				CLANG_WARN_ENUM_CONVERSION = YES;
				CLANG_WARN_INT_CONVERSION = YES;
				CLANG_WARN_OBJC_ROOT_CLASS = YES_ERROR;
				CLANG_WARN_UNREACHABLE_CODE = YES;
				CLANG_WARN__DUPLICATE_METHOD_MATCH = YES;
				"CODE_SIGN_IDENTITY[sdk=iphoneos*]" = "iPhone Developer";
				COPY_PHASE_STRIP = NO;
				DEBUG_INFORMATION_FORMAT = "dwarf-with-dsym";
				ENABLE_NS_ASSERTIONS = NO;
				ENABLE_STRICT_OBJC_MSGSEND = YES;
				GCC_C_LANGUAGE_STANDARD = gnu99;
				GCC_NO_COMMON_BLOCKS = YES;
				GCC_WARN_64_TO_32_BIT_CONVERSION = YES;
				GCC_WARN_ABOUT_RETURN_TYPE = YES_ERROR;
				GCC_WARN_UNDECLARED_SELECTOR = YES;
				GCC_WARN_UNINITIALIZED_AUTOS = YES_AGGRESSIVE;
				GCC_WARN_UNUSED_FUNCTION = YES;
				GCC_WARN_UNUSED_VARIABLE = YES;
				IPHONEOS_DEPLOYMENT_TARGET = 9.2;
				MTL_ENABLE_DEBUG_INFO = NO;
				SDKROOT = iphoneos;
				TARGETED_DEVICE_FAMILY = "1,2";
				VALIDATE_PRODUCT = YES;
			};
			name = Release;
		};
		7FC634D11CAA63A800557D9F /* Debug */ = {
			isa = XCBuildConfiguration;
			baseConfigurationReference = 860B370FCE230DCE6557479E /* Pods-redcircle.debug.xcconfig */;
			buildSettings = {
				ASSETCATALOG_COMPILER_APPICON_NAME = AppIcon;
				CLANG_ENABLE_MODULES = YES;
				CODE_SIGN_IDENTITY = "iPhone Developer: chenyunzhan chenyunzhan (P6T3LBLQZH)";
				INFOPLIST_FILE = redcircle/Info.plist;
				IPHONEOS_DEPLOYMENT_TARGET = 8.0;
				LD_RUNPATH_SEARCH_PATHS = "$(inherited) @executable_path/Frameworks";
				PRODUCT_BUNDLE_IDENTIFIER = com.cloud.redcircle;
				PRODUCT_NAME = "$(TARGET_NAME)";
				PROVISIONING_PROFILE = "eda3fec1-5708-4798-b5a6-c316add0fdc5";
				SWIFT_OBJC_BRIDGING_HEADER = "redcircle/redcircle-Bridging-Header.h";
				SWIFT_OPTIMIZATION_LEVEL = "-Onone";
				TARGETED_DEVICE_FAMILY = 1;
			};
			name = Debug;
		};
		7FC634D21CAA63A800557D9F /* Release */ = {
			isa = XCBuildConfiguration;
			baseConfigurationReference = F9D85ED62815718989DB6351 /* Pods-redcircle.release.xcconfig */;
			buildSettings = {
				ASSETCATALOG_COMPILER_APPICON_NAME = AppIcon;
				CLANG_ENABLE_MODULES = YES;
				CODE_SIGN_IDENTITY = "iPhone Distribution: chenyunzhan chenyunzhan (8PWWXHNFJ7)";
				"CODE_SIGN_IDENTITY[sdk=iphoneos*]" = "iPhone Distribution: chenyunzhan chenyunzhan (8PWWXHNFJ7)";
				INFOPLIST_FILE = redcircle/Info.plist;
				IPHONEOS_DEPLOYMENT_TARGET = 8.0;
				LD_RUNPATH_SEARCH_PATHS = "$(inherited) @executable_path/Frameworks";
				PRODUCT_BUNDLE_IDENTIFIER = com.cloud.redcircle;
				PRODUCT_NAME = "$(TARGET_NAME)";
				PROVISIONING_PROFILE = "eda3fec1-5708-4798-b5a6-c316add0fdc5";
				SWIFT_OBJC_BRIDGING_HEADER = "redcircle/redcircle-Bridging-Header.h";
				TARGETED_DEVICE_FAMILY = 1;
			};
			name = Release;
		};
/* End XCBuildConfiguration section */

/* Begin XCConfigurationList section */
		7FC634B91CAA63A800557D9F /* Build configuration list for PBXProject "redcircle" */ = {
			isa = XCConfigurationList;
			buildConfigurations = (
				7FC634CE1CAA63A800557D9F /* Debug */,
				7FC634CF1CAA63A800557D9F /* Release */,
			);
			defaultConfigurationIsVisible = 0;
			defaultConfigurationName = Release;
		};
		7FC634D01CAA63A800557D9F /* Build configuration list for PBXNativeTarget "redcircle" */ = {
			isa = XCConfigurationList;
			buildConfigurations = (
				7FC634D11CAA63A800557D9F /* Debug */,
				7FC634D21CAA63A800557D9F /* Release */,
			);
			defaultConfigurationIsVisible = 0;
			defaultConfigurationName = Release;
		};
/* End XCConfigurationList section */
	};
	rootObject = 7FC634B61CAA63A800557D9F /* Project object */;
}
